
Microsoft Visual Studio Solution File, Format Version 12.00
# Visual Studio Version 16
VisualStudioVersion = 16.0.31424.327
MinimumVisualStudioVersion = 10.0.40219.1
Project("{FAE04EC0-301F-11D3-BF4B-00C04F79EFBC}") = "AddLocaleWpf", "AddLocaleWpf\AddLocaleWpf.csproj", "{23998166-312C-44FC-A95D-CAE67904D249}"
EndProject
Global
	GlobalSection(SolutionConfigurationPlatforms) = preSolution
		Debug|Any CPU = Debug|Any CPU
		Release|Any CPU = Release|Any CPU
	EndGlobalSection
	GlobalSection(ProjectConfigurationPlatforms) = postSolution
		{23998166-312C-44FC-A95D-CAE67904D249}.Debug|Any CPU.ActiveCfg = Debug|Any CPU
		{23998166-312C-44FC-A95D-CAE67904D249}.Debug|Any CPU.Build.0 = Debug|Any CPU
		{23998166-312C-44FC-A95D-CAE67904D249}.Release|Any CPU.ActiveCfg = Release|Any CPU
		{23998166-312C-44FC-A95D-CAE67904D249}.Release|Any CPU.Build.0 = Release|Any CPU
	EndGlobalSection
	GlobalSection(SolutionProperties) = preSolution
		HideSolutionNode = FALSE
	EndGlobalSection
	GlobalSection(ExtensibilityGlobals) = postSolution
		SolutionGuid = {92A811E8-242D-458C-ACAC-AC1DA0223E64}
	EndGlobalSection
EndGlobal
